
Microsoft Visual Studio Solution File, Format Version 12.00
# Visual Studio Version 16
VisualStudioVersion = 16.0.30907.101
MinimumVisualStudioVersion = 10.0.40219.1
Project("{FAE04EC0-301F-11D3-BF4B-00C04F79EFBC}") = "Cashier System", "Cashier System\Cashier System.csproj", "{E1C96BB5-9AF6-49E4-A7E2-5A86A61E6EAA}"
EndProject
Project("{2150E333-8FDC-42A3-9474-1A3956D46DE8}") = "DevExtreme NuGet.config", "DevExtreme NuGet.config", "{DA4902B0-70E8-4E41-B2AF-6AA160012AA0}"
	ProjectSection(SolutionItems) = preProject
		NuGet.config = NuGet.config
	EndProjectSection
EndProject
Global
	GlobalSection(SolutionConfigurationPlatforms) = preSolution
		Debug|Any CPU = Debug|Any CPU
		Release|Any CPU = Release|Any CPU
	EndGlobalSection
	GlobalSection(ProjectConfigurationPlatforms) = postSolution
		{E1C96BB5-9AF6-49E4-A7E2-5A86A61E6EAA}.Debug|Any CPU.ActiveCfg = Debug|Any CPU
		{E1C96BB5-9AF6-49E4-A7E2-5A86A61E6EAA}.Debug|Any CPU.Build.0 = Debug|Any CPU
		{E1C96BB5-9AF6-49E4-A7E2-5A86A61E6EAA}.Release|Any CPU.ActiveCfg = Release|Any CPU
		{E1C96BB5-9AF6-49E4-A7E2-5A86A61E6EAA}.Release|Any CPU.Build.0 = Release|Any CPU
	EndGlobalSection
	GlobalSection(SolutionProperties) = preSolution
		HideSolutionNode = FALSE
	EndGlobalSection
	GlobalSection(ExtensibilityGlobals) = postSolution
		SolutionGuid = {E3FE3E66-289C-4A51-830E-758D351803D0}
	EndGlobalSection
EndGlobal
